
Microsoft Visual Studio Solution File, Format Version 12.00
# Visual Studio Version 16
VisualStudioVersion = 16.0.30907.101
MinimumVisualStudioVersion = 10.0.40219.1
Project("{9A19103F-16F7-4668-BE54-9A1E7A4F7556}") = "NUnit.TestFixtureLogger", "src\NUnit.TestFixtureLogger\NUnit.TestFixtureLogger.csproj", "{247E24B6-B21A-4185-A8C7-1DF054A366B8}"
EndProject
Project("{FAE04EC0-301F-11D3-BF4B-00C04F79EFBC}") = "NUnit.TestFixtureLogger.Tests", "tests\NUnit.TestFixtureLogger.Tests\NUnit.TestFixtureLogger.Tests.csproj", "{E9A35D83-FC15-45C9-96FF-4A9495F89D5E}"
EndProject
Global
	GlobalSection(SolutionConfigurationPlatforms) = preSolution
		Debug|Any CPU = Debug|Any CPU
		Release|Any CPU = Release|Any CPU
	EndGlobalSection
	GlobalSection(ProjectConfigurationPlatforms) = postSolution
		{247E24B6-B21A-4185-A8C7-1DF054A366B8}.Debug|Any CPU.ActiveCfg = Debug|Any CPU
		{247E24B6-B21A-4185-A8C7-1DF054A366B8}.Debug|Any CPU.Build.0 = Debug|Any CPU
		{247E24B6-B21A-4185-A8C7-1DF054A366B8}.Release|Any CPU.ActiveCfg = Release|Any CPU
		{247E24B6-B21A-4185-A8C7-1DF054A366B8}.Release|Any CPU.Build.0 = Release|Any CPU
		{E9A35D83-FC15-45C9-96FF-4A9495F89D5E}.Debug|Any CPU.ActiveCfg = Debug|Any CPU
		{E9A35D83-FC15-45C9-96FF-4A9495F89D5E}.Debug|Any CPU.Build.0 = Debug|Any CPU
		{E9A35D83-FC15-45C9-96FF-4A9495F89D5E}.Release|Any CPU.ActiveCfg = Release|Any CPU
		{E9A35D83-FC15-45C9-96FF-4A9495F89D5E}.Release|Any CPU.Build.0 = Release|Any CPU
	EndGlobalSection
	GlobalSection(SolutionProperties) = preSolution
		HideSolutionNode = FALSE
	EndGlobalSection
	GlobalSection(ExtensibilityGlobals) = postSolution
		SolutionGuid = {654C05CA-8171-4DC0-B5EF-0A6EEB1218E2}
	EndGlobalSection
EndGlobal
